// !$*UTF8*$!
{
	archiveVersion = 1;
	classes = {
	};
	objectVersion = 46;
	objects = {

/* Begin PBXBuildFile section */
		28002FED1E62A89B00B5C825 /* AppDelegate.swift in Sources */ = {isa = PBXBuildFile; fileRef = 28002FEC1E62A89B00B5C825 /* AppDelegate.swift */; };
		28002FEF1E62A89B00B5C825 /* ViewController.swift in Sources */ = {isa = PBXBuildFile; fileRef = 28002FEE1E62A89B00B5C825 /* ViewController.swift */; };
		28002FF21E62A89B00B5C825 /* Main.storyboard in Resources */ = {isa = PBXBuildFile; fileRef = 28002FF01E62A89B00B5C825 /* Main.storyboard */; };
		28002FF41E62A89B00B5C825 /* Assets.xcassets in Resources */ = {isa = PBXBuildFile; fileRef = 28002FF31E62A89B00B5C825 /* Assets.xcassets */; };
		28002FF71E62A89B00B5C825 /* LaunchScreen.storyboard in Resources */ = {isa = PBXBuildFile; fileRef = 28002FF51E62A89B00B5C825 /* LaunchScreen.storyboard */; };
		280030021E62A89B00B5C825 /* _____Tests.swift in Sources */ = {isa = PBXBuildFile; fileRef = 280030011E62A89B00B5C825 /* _____Tests.swift */; };
		2800300D1E62A89B00B5C825 /* _____UITests.swift in Sources */ = {isa = PBXBuildFile; fileRef = 2800300C1E62A89B00B5C825 /* _____UITests.swift */; };
		2800301B1E62A8B900B5C825 /* WeatherData.swift in Sources */ = {isa = PBXBuildFile; fileRef = 2800301A1E62A8B900B5C825 /* WeatherData.swift */; };
/* End PBXBuildFile section */

/* Begin PBXContainerItemProxy section */
		28002FFE1E62A89B00B5C825 /* PBXContainerItemProxy */ = {
			isa = PBXContainerItemProxy;
			containerPortal = 28002FE11E62A89B00B5C825 /* Project object */;
			proxyType = 1;
			remoteGlobalIDString = 28002FE81E62A89B00B5C825;
			remoteInfo = "观察者模式";
		};
		280030091E62A89B00B5C825 /* PBXContainerItemProxy */ = {
			isa = PBXContainerItemProxy;
			containerPortal = 28002FE11E62A89B00B5C825 /* Project object */;
			proxyType = 1;
			remoteGlobalIDString = 28002FE81E62A89B00B5C825;
			remoteInfo = "观察者模式";
		};
/* End PBXContainerItemProxy section */

/* Begin PBXFileReference section */
		28002FE91E62A89B00B5C825 /* 观察者模式.app */ = {isa = PBXFileReference; explicitFileType = wrapper.application; includeInIndex = 0; path = "观察者模式.app"; sourceTree = BUILT_PRODUCTS_DIR; };
		28002FEC1E62A89B00B5C825 /* AppDelegate.swift */ = {isa = PBXFileReference; lastKnownFileType = sourcecode.swift; path = AppDelegate.swift; sourceTree = "<group>"; };
		28002FEE1E62A89B00B5C825 /* ViewController.swift */ = {isa = PBXFileReference; lastKnownFileType = sourcecode.swift; path = ViewController.swift; sourceTree = "<group>"; };
		28002FF11E62A89B00B5C825 /* Base */ = {isa = PBXFileReference; lastKnownFileType = file.storyboard; name = Base; path = Base.lproj/Main.storyboard; sourceTree = "<group>"; };
		28002FF31E62A89B00B5C825 /* Assets.xcassets */ = {isa = PBXFileReference; lastKnownFileType = folder.assetcatalog; path = Assets.xcassets; sourceTree = "<group>"; };
		28002FF61E62A89B00B5C825 /* Base */ = {isa = PBXFileReference; lastKnownFileType = file.storyboard; name = Base; path = Base.lproj/LaunchScreen.storyboard; sourceTree = "<group>"; };
		28002FF81E62A89B00B5C825 /* Info.plist */ = {isa = PBXFileReference; lastKnownFileType = text.plist.xml; path = Info.plist; sourceTree = "<group>"; };
		28002FFD1E62A89B00B5C825 /* 观察者模式Tests.xctest */ = {isa = PBXFileReference; explicitFileType = wrapper.cfbundle; includeInIndex = 0; path = "观察者模式Tests.xctest"; sourceTree = BUILT_PRODUCTS_DIR; };
		280030011E62A89B00B5C825 /* _____Tests.swift */ = {isa = PBXFileReference; lastKnownFileType = sourcecode.swift; path = "_____Tests.swift"; sourceTree = "<group>"; };
		280030031E62A89B00B5C825 /* Info.plist */ = {isa = PBXFileReference; lastKnownFileType = text.plist.xml; path = Info.plist; sourceTree = "<group>"; };
		280030081E62A89B00B5C825 /* 观察者模式UITests.xctest */ = {isa = PBXFileReference; explicitFileType = wrapper.cfbundle; includeInIndex = 0; path = "观察者模式UITests.xctest"; sourceTree = BUILT_PRODUCTS_DIR; };
		2800300C1E62A89B00B5C825 /* _____UITests.swift */ = {isa = PBXFileReference; lastKnownFileType = sourcecode.swift; path = "_____UITests.swift"; sourceTree = "<group>"; };
		2800300E1E62A89B00B5C825 /* Info.plist */ = {isa = PBXFileReference; lastKnownFileType = text.plist.xml; path = Info.plist; sourceTree = "<group>"; };
		2800301A1E62A8B900B5C825 /* WeatherData.swift */ = {isa = PBXFileReference; fileEncoding = 4; lastKnownFileType = sourcecode.swift; path = WeatherData.swift; sourceTree = "<group>"; };
/* End PBXFileReference section */

/* Begin PBXFrameworksBuildPhase section */
		28002FE61E62A89B00B5C825 /* Frameworks */ = {
			isa = PBXFrameworksBuildPhase;
			buildActionMask = 2147483647;
			files = (
			);
			runOnlyForDeploymentPostprocessing = 0;
		};
		28002FFA1E62A89B00B5C825 /* Frameworks */ = {
			isa = PBXFrameworksBuildPhase;
			buildActionMask = 2147483647;
			files = (
			);
			runOnlyForDeploymentPostprocessing = 0;
		};
		280030051E62A89B00B5C825 /* Frameworks */ = {
			isa = PBXFrameworksBuildPhase;
			buildActionMask = 2147483647;
			files = (
			);
			runOnlyForDeploymentPostprocessing = 0;
		};
/* End PBXFrameworksBuildPhase section */

/* Begin PBXGroup section */
		28002FE01E62A89B00B5C825 = {
			isa = PBXGroup;
			children = (
				28002FEB1E62A89B00B5C825 /* 观察者模式 */,
				280030001E62A89B00B5C825 /* 观察者模式Tests */,
				2800300B1E62A89B00B5C825 /* 观察者模式UITests */,
				28002FEA1E62A89B00B5C825 /* Products */,
			);
			sourceTree = "<group>";
		};
		28002FEA1E62A89B00B5C825 /* Products */ = {
			isa = PBXGroup;
			children = (
				28002FE91E62A89B00B5C825 /* 观察者模式.app */,
				28002FFD1E62A89B00B5C825 /* 观察者模式Tests.xctest */,
				280030081E62A89B00B5C825 /* 观察者模式UITests.xctest */,
			);
			name = Products;
			sourceTree = "<group>";
		};
		28002FEB1E62A89B00B5C825 /* 观察者模式 */ = {
			isa = PBXGroup;
			children = (
				28002FEC1E62A89B00B5C825 /* AppDelegate.swift */,
				28002FEE1E62A89B00B5C825 /* ViewController.swift */,
				2800301A1E62A8B900B5C825 /* WeatherData.swift */,
				28002FF01E62A89B00B5C825 /* Main.storyboard */,
				28002FF31E62A89B00B5C825 /* Assets.xcassets */,
				28002FF51E62A89B00B5C825 /* LaunchScreen.storyboard */,
				28002FF81E62A89B00B5C825 /* Info.plist */,
			);
			path = "观察者模式";
			sourceTree = "<group>";
		};
		280030001E62A89B00B5C825 /* 观察者模式Tests */ = {
			isa = PBXGroup;
			children = (
				280030011E62A89B00B5C825 /* _____Tests.swift */,
				280030031E62A89B00B5C825 /* Info.plist */,
			);
			path = "观察者模式Tests";
			sourceTree = "<group>";
		};
		2800300B1E62A89B00B5C825 /* 观察者模式UITests */ = {
			isa = PBXGroup;
			children = (
				2800300C1E62A89B00B5C825 /* _____UITests.swift */,
				2800300E1E62A89B00B5C825 /* Info.plist */,
			);
			path = "观察者模式UITests";
			sourceTree = "<group>";
		};
/* End PBXGroup section */

/* Begin PBXNativeTarget section */
		28002FE81E62A89B00B5C825 /* 观察者模式 */ = {
			isa = PBXNativeTarget;
			buildConfigurationList = 280030111E62A89B00B5C825 /* Build configuration list for PBXNativeTarget "观察者模式" */;
			buildPhases = (
				28002FE51E62A89B00B5C825 /* Sources */,
				28002FE61E62A89B00B5C825 /* Frameworks */,
				28002FE71E62A89B00B5C825 /* Resources */,
			);
			buildRules = (
			);
			dependencies = (
			);
			name = "观察者模式";
			productName = "观察者模式";
			productReference = 28002FE91E62A89B00B5C825 /* 观察者模式.app */;
			productType = "com.apple.product-type.application";
		};
		28002FFC1E62A89B00B5C825 /* 观察者模式Tests */ = {
			isa = PBXNativeTarget;
			buildConfigurationList = 280030141E62A89B00B5C825 /* Build configuration list for PBXNativeTarget "观察者模式Tests" */;
			buildPhases = (
				28002FF91E62A89B00B5C825 /* Sources */,
				28002FFA1E62A89B00B5C825 /* Frameworks */,
				28002FFB1E62A89B00B5C825 /* Resources */,
			);
			buildRules = (
			);
			dependencies = (
				28002FFF1E62A89B00B5C825 /* PBXTargetDependency */,
			);
			name = "观察者模式Tests";
			productName = "观察者模式Tests";
			productReference = 28002FFD1E62A89B00B5C825 /* 观察者模式Tests.xctest */;
			productType = "com.apple.product-type.bundle.unit-test";
		};
		280030071E62A89B00B5C825 /* 观察者模式UITests */ = {
			isa = PBXNativeTarget;
			buildConfigurationList = 280030171E62A89B00B5C825 /* Build configuration list for PBXNativeTarget "观察者模式UITests" */;
			buildPhases = (
				280030041E62A89B00B5C825 /* Sources */,
				280030051E62A89B00B5C825 /* Frameworks */,
				280030061E62A89B00B5C825 /* Resources */,
			);
			buildRules = (
			);
			dependencies = (
				2800300A1E62A89B00B5C825 /* PBXTargetDependency */,
			);
			name = "观察者模式UITests";
			productName = "观察者模式UITests";
			productReference = 280030081E62A89B00B5C825 /* 观察者模式UITests.xctest */;
			productType = "com.apple.product-type.bundle.ui-testing";
		};
/* End PBXNativeTarget section */

/* Begin PBXProject section */
		28002FE11E62A89B00B5C825 /* Project object */ = {
			isa = PBXProject;
			attributes = {
				LastSwiftUpdateCheck = 0820;
				LastUpgradeCheck = 0820;
				ORGANIZATIONNAME = "吴鸿";
				TargetAttributes = {
					28002FE81E62A89B00B5C825 = {
						CreatedOnToolsVersion = 8.2.1;
						DevelopmentTeam = N3S97NLHPV;
						ProvisioningStyle = Automatic;
					};
					28002FFC1E62A89B00B5C825 = {
						CreatedOnToolsVersion = 8.2.1;
						DevelopmentTeam = N3S97NLHPV;
						ProvisioningStyle = Automatic;
						TestTargetID = 28002FE81E62A89B00B5C825;
					};
					280030071E62A89B00B5C825 = {
						CreatedOnToolsVersion = 8.2.1;
						DevelopmentTeam = N3S97NLHPV;
						ProvisioningStyle = Automatic;
						TestTargetID = 28002FE81E62A89B00B5C825;
					};
				};
			};
			buildConfigurationList = 28002FE41E62A89B00B5C825 /* Build configuration list for PBXProject "观察者模式" */;
			compatibilityVersion = "Xcode 3.2";
			developmentRegion = English;
			hasScannedForEncodings = 0;
			knownRegions = (
				en,
				Base,
			);
			mainGroup = 28002FE01E62A89B00B5C825;
			productRefGroup = 28002FEA1E62A89B00B5C825 /* Products */;
			projectDirPath = "";
			projectRoot = "";
			targets = (
				28002FE81E62A89B00B5C825 /* 观察者模式 */,
				28002FFC1E62A89B00B5C825 /* 观察者模式Tests */,
				280030071E62A89B00B5C825 /* 观察者模式UITests */,
			);
		};
/* End PBXProject section */

/* Begin PBXResourcesBuildPhase section */
		28002FE71E62A89B00B5C825 /* Resources */ = {
			isa = PBXResourcesBuildPhase;
			buildActionMask = 2147483647;
			files = (
				28002FF71E62A89B00B5C825 /* LaunchScreen.storyboard in Resources */,
				28002FF41E62A89B00B5C825 /* Assets.xcassets in Resources */,
				28002FF21E62A89B00B5C825 /* Main.storyboard in Resources */,
			);
			runOnlyForDeploymentPostprocessing = 0;
		};
		28002FFB1E62A89B00B5C825 /* Resources */ = {
			isa = PBXResourcesBuildPhase;
			buildActionMask = 2147483647;
			files = (
			);
			runOnlyForDeploymentPostprocessing = 0;
		};
		280030061E62A89B00B5C825 /* Resources */ = {
			isa = PBXResourcesBuildPhase;
			buildActionMask = 2147483647;
			files = (
			);
			runOnlyForDeploymentPostprocessing = 0;
		};
/* End PBXResourcesBuildPhase section */

/* Begin PBXSourcesBuildPhase section */
		28002FE51E62A89B00B5C825 /* Sources */ = {
			isa = PBXSourcesBuildPhase;
			buildActionMask = 2147483647;
			files = (
				28002FEF1E62A89B00B5C825 /* ViewController.swift in Sources */,
				2800301B1E62A8B900B5C825 /* WeatherData.swift in Sources */,
				28002FED1E62A89B00B5C825 /* AppDelegate.swift in Sources */,
			);
			runOnlyForDeploymentPostprocessing = 0;
		};
		28002FF91E62A89B00B5C825 /* Sources */ = {
			isa = PBXSourcesBuildPhase;
			buildActionMask = 2147483647;
			files = (
				280030021E62A89B00B5C825 /* _____Tests.swift in Sources */,
			);
			runOnlyForDeploymentPostprocessing = 0;
		};
		280030041E62A89B00B5C825 /* Sources */ = {
			isa = PBXSourcesBuildPhase;
			buildActionMask = 2147483647;
			files = (
				2800300D1E62A89B00B5C825 /* _____UITests.swift in Sources */,
			);
			runOnlyForDeploymentPostprocessing = 0;
		};
/* End PBXSourcesBuildPhase section */

/* Begin PBXTargetDependency section */
		28002FFF1E62A89B00B5C825 /* PBXTargetDependency */ = {
			isa = PBXTargetDependency;
			target = 28002FE81E62A89B00B5C825 /* 观察者模式 */;
			targetProxy = 28002FFE1E62A89B00B5C825 /* PBXContainerItemProxy */;
		};
		2800300A1E62A89B00B5C825 /* PBXTargetDependency */ = {
			isa = PBXTargetDependency;
			target = 28002FE81E62A89B00B5C825 /* 观察者模式 */;
			targetProxy = 280030091E62A89B00B5C825 /* PBXContainerItemProxy */;
		};
/* End PBXTargetDependency section */

/* Begin PBXVariantGroup section */
		28002FF01E62A89B00B5C825 /* Main.storyboard */ = {
			isa = PBXVariantGroup;
			children = (
				28002FF11E62A89B00B5C825 /* Base */,
			);
			name = Main.storyboard;
			sourceTree = "<group>";
		};
		28002FF51E62A89B00B5C825 /* LaunchScreen.storyboard */ = {
			isa = PBXVariantGroup;
			children = (
				28002FF61E62A89B00B5C825 /* Base */,
			);
			name = LaunchScreen.storyboard;
			sourceTree = "<group>";
		};
/* End PBXVariantGroup section */

/* Begin XCBuildConfiguration section */
		2800300F1E62A89B00B5C825 /* Debug */ = {
			isa = XCBuildConfiguration;
			buildSettings = {
				ALWAYS_SEARCH_USER_PATHS = NO;
				CLANG_ANALYZER_NONNULL = YES;
				CLANG_CXX_LANGUAGE_STANDARD = "gnu++0x";
				CLANG_CXX_LIBRARY = "libc++";
				CLANG_ENABLE_MODULES = YES;
				CLANG_ENABLE_OBJC_ARC = YES;
				CLANG_WARN_BOOL_CONVERSION = YES;
				CLANG_WARN_CONSTANT_CONVERSION = YES;
				CLANG_WARN_DIRECT_OBJC_ISA_USAGE = YES_ERROR;
				CLANG_WARN_DOCUMENTATION_COMMENTS = YES;
				CLANG_WARN_EMPTY_BODY = YES;
				CLANG_WARN_ENUM_CONVERSION = YES;
				CLANG_WARN_INFINITE_RECURSION = YES;
				CLANG_WARN_INT_CONVERSION = YES;
				CLANG_WARN_OBJC_ROOT_CLASS = YES_ERROR;
				CLANG_WARN_SUSPICIOUS_MOVE = YES;
				CLANG_WARN_UNREACHABLE_CODE = YES;
				CLANG_WARN__DUPLICATE_METHOD_MATCH = YES;
				"CODE_SIGN_IDENTITY[sdk=iphoneos*]" = "iPhone Developer";
				COPY_PHASE_STRIP = NO;
				DEBUG_INFORMATION_FORMAT = dwarf;
				ENABLE_STRICT_OBJC_MSGSEND = YES;
				ENABLE_TESTABILITY = YES;
				GCC_C_LANGUAGE_STANDARD = gnu99;
				GCC_DYNAMIC_NO_PIC = NO;
				GCC_NO_COMMON_BLOCKS = YES;
				GCC_OPTIMIZATION_LEVEL = 0;
				GCC_PREPROCESSOR_DEFINITIONS = (
					"DEBUG=1",
					"$(inherited)",
				);
				GCC_WARN_64_TO_32_BIT_CONVERSION = YES;
				GCC_WARN_ABOUT_RETURN_TYPE = YES_ERROR;
				GCC_WARN_UNDECLARED_SELECTOR = YES;
				GCC_WARN_UNINITIALIZED_AUTOS = YES_AGGRESSIVE;
				GCC_WARN_UNUSED_FUNCTION = YES;
				GCC_WARN_UNUSED_VARIABLE = YES;
				IPHONEOS_DEPLOYMENT_TARGET = 10.2;
				MTL_ENABLE_DEBUG_INFO = YES;
				ONLY_ACTIVE_ARCH = YES;
				SDKROOT = iphoneos;
				SWIFT_ACTIVE_COMPILATION_CONDITIONS = DEBUG;
				SWIFT_OPTIMIZATION_LEVEL = "-Onone";
				TARGETED_DEVICE_FAMILY = "1,2";
			};
			name = Debug;
		};
		280030101E62A89B00B5C825 /* Release */ = {
			isa = XCBuildConfiguration;
			buildSettings = {
				ALWAYS_SEARCH_USER_PATHS = NO;
				CLANG_ANALYZER_NONNULL = YES;
				CLANG_CXX_LANGUAGE_STANDARD = "gnu++0x";
				CLANG_CXX_LIBRARY = "libc++";
				CLANG_ENABLE_MODULES = YES;
				CLANG_ENABLE_OBJC_ARC = YES;
				CLANG_WARN_BOOL_CONVERSION = YES;
				CLANG_WARN_CONSTANT_CONVERSION = YES;
				CLANG_WARN_DIRECT_OBJC_ISA_USAGE = YES_ERROR;
				CLANG_WARN_DOCUMENTATION_COMMENTS = YES;
				CLANG_WARN_EMPTY_BODY = YES;
				CLANG_WARN_ENUM_CONVERSION = YES;
				CLANG_WARN_INFINITE_RECURSION = YES;
				CLANG_WARN_INT_CONVERSION = YES;
				CLANG_WARN_OBJC_ROOT_CLASS = YES_ERROR;
				CLANG_WARN_SUSPICIOUS_MOVE = YES;
				CLANG_WARN_UNREACHABLE_CODE = YES;
				CLANG_WARN__DUPLICATE_METHOD_MATCH = YES;
				"CODE_SIGN_IDENTITY[sdk=iphoneos*]" = "iPhone Developer";
				COPY_PHASE_STRIP = NO;
				DEBUG_INFORMATION_FORMAT = "dwarf-with-dsym";
				ENABLE_NS_ASSERTIONS = NO;
				ENABLE_STRICT_OBJC_MSGSEND = YES;
				GCC_C_LANGUAGE_STANDARD = gnu99;
				GCC_NO_COMMON_BLOCKS = YES;
				GCC_WARN_64_TO_32_BIT_CONVERSION = YES;
				GCC_WARN_ABOUT_RETURN_TYPE = YES_ERROR;
				GCC_WARN_UNDECLARED_SELECTOR = YES;
				GCC_WARN_UNINITIALIZED_AUTOS = YES_AGGRESSIVE;
				GCC_WARN_UNUSED_FUNCTION = YES;
				GCC_WARN_UNUSED_VARIABLE = YES;
				IPHONEOS_DEPLOYMENT_TARGET = 10.2;
				MTL_ENABLE_DEBUG_INFO = NO;
				SDKROOT = iphoneos;
				SWIFT_OPTIMIZATION_LEVEL = "-Owholemodule";
				TARGETED_DEVICE_FAMILY = "1,2";
				VALIDATE_PRODUCT = YES;
			};
			name = Release;
		};
		280030121E62A89B00B5C825 /* Debug */ = {
			isa = XCBuildConfiguration;
			buildSettings = {
				ASSETCATALOG_COMPILER_APPICON_NAME = AppIcon;
				DEVELOPMENT_TEAM = N3S97NLHPV;
				INFOPLIST_FILE = "观察者模式/Info.plist";
				LD_RUNPATH_SEARCH_PATHS = "$(inherited) @executable_path/Frameworks";
				PRODUCT_BUNDLE_IDENTIFIER = "asdasdasd.-----";
				PRODUCT_NAME = "$(TARGET_NAME)";
				SWIFT_VERSION = 3.0;
			};
			name = Debug;
		};
		280030131E62A89B00B5C825 /* Release */ = {
			isa = XCBuildConfiguration;
			buildSettings = {
				ASSETCATALOG_COMPILER_APPICON_NAME = AppIcon;
				DEVELOPMENT_TEAM = N3S97NLHPV;
				INFOPLIST_FILE = "观察者模式/Info.plist";
				LD_RUNPATH_SEARCH_PATHS = "$(inherited) @executable_path/Frameworks";
				PRODUCT_BUNDLE_IDENTIFIER = "asdasdasd.-----";
				PRODUCT_NAME = "$(TARGET_NAME)";
				SWIFT_VERSION = 3.0;
			};
			name = Release;
		};
		280030151E62A89B00B5C825 /* Debug */ = {
			isa = XCBuildConfiguration;
			buildSettings = {
				ALWAYS_EMBED_SWIFT_STANDARD_LIBRARIES = YES;
				BUNDLE_LOADER = "$(TEST_HOST)";
				DEVELOPMENT_TEAM = N3S97NLHPV;
				INFOPLIST_FILE = "观察者模式Tests/Info.plist";
				LD_RUNPATH_SEARCH_PATHS = "$(inherited) @executable_path/Frameworks @loader_path/Frameworks";
				PRODUCT_BUNDLE_IDENTIFIER = "asdasdasd.-----Tests";
				PRODUCT_NAME = "$(TARGET_NAME)";
				SWIFT_VERSION = 3.0;
				TEST_HOST = "$(BUILT_PRODUCTS_DIR)/观察者模式.app/观察者模式";
			};
			name = Debug;
		};
		280030161E62A89B00B5C825 /* Release */ = {
			isa = XCBuildConfiguration;
			buildSettings = {
				ALWAYS_EMBED_SWIFT_STANDARD_LIBRARIES = YES;
				BUNDLE_LOADER = "$(TEST_HOST)";
				DEVELOPMENT_TEAM = N3S97NLHPV;
				INFOPLIST_FILE = "观察者模式Tests/Info.plist";
				LD_RUNPATH_SEARCH_PATHS = "$(inherited) @executable_path/Frameworks @loader_path/Frameworks";
				PRODUCT_BUNDLE_IDENTIFIER = "asdasdasd.-----Tests";
				PRODUCT_NAME = "$(TARGET_NAME)";
				SWIFT_VERSION = 3.0;
				TEST_HOST = "$(BUILT_PRODUCTS_DIR)/观察者模式.app/观察者模式";
			};
			name = Release;
		};
		280030181E62A89B00B5C825 /* Debug */ = {
			isa = XCBuildConfiguration;
			buildSettings = {
				ALWAYS_EMBED_SWIFT_STANDARD_LIBRARIES = YES;
				DEVELOPMENT_TEAM = N3S97NLHPV;
				INFOPLIST_FILE = "观察者模式UITests/Info.plist";
				LD_RUNPATH_SEARCH_PATHS = "$(inherited) @executable_path/Frameworks @loader_path/Frameworks";
				PRODUCT_BUNDLE_IDENTIFIER = "asdasdasd.-----UITests";
				PRODUCT_NAME = "$(TARGET_NAME)";
				SWIFT_VERSION = 3.0;
				TEST_TARGET_NAME = "观察者模式";
			};
			name = Debug;
		};
		280030191E62A89B00B5C825 /* Release */ = {
			isa = XCBuildConfiguration;
			buildSettings = {
				ALWAYS_EMBED_SWIFT_STANDARD_LIBRARIES = YES;
				DEVELOPMENT_TEAM = N3S97NLHPV;
				INFOPLIST_FILE = "观察者模式UITests/Info.plist";
				LD_RUNPATH_SEARCH_PATHS = "$(inherited) @executable_path/Frameworks @loader_path/Frameworks";
				PRODUCT_BUNDLE_IDENTIFIER = "asdasdasd.-----UITests";
				PRODUCT_NAME = "$(TARGET_NAME)";
				SWIFT_VERSION = 3.0;
				TEST_TARGET_NAME = "观察者模式";
			};
			name = Release;
		};
/* End XCBuildConfiguration section */

/* Begin XCConfigurationList section */
		28002FE41E62A89B00B5C825 /* Build configuration list for PBXProject "观察者模式" */ = {
			isa = XCConfigurationList;
			buildConfigurations = (
				2800300F1E62A89B00B5C825 /* Debug */,
				280030101E62A89B00B5C825 /* Release */,
			);
			defaultConfigurationIsVisible = 0;
			defaultConfigurationName = Release;
		};
		280030111E62A89B00B5C825 /* Build configuration list for PBXNativeTarget "观察者模式" */ = {
			isa = XCConfigurationList;
			buildConfigurations = (
				280030121E62A89B00B5C825 /* Debug */,
				280030131E62A89B00B5C825 /* Release */,
			);
			defaultConfigurationIsVisible = 0;
		};
		280030141E62A89B00B5C825 /* Build configuration list for PBXNativeTarget "观察者模式Tests" */ = {
			isa = XCConfigurationList;
			buildConfigurations = (
				280030151E62A89B00B5C825 /* Debug */,
				280030161E62A89B00B5C825 /* Release */,
			);
			defaultConfigurationIsVisible = 0;
		};
		280030171E62A89B00B5C825 /* Build configuration list for PBXNativeTarget "观察者模式UITests" */ = {
			isa = XCConfigurationList;
			buildConfigurations = (
				280030181E62A89B00B5C825 /* Debug */,
				280030191E62A89B00B5C825 /* Release */,
			);
			defaultConfigurationIsVisible = 0;
		};
/* End XCConfigurationList section */
	};
	rootObject = 28002FE11E62A89B00B5C825 /* Project object */;
}
